
Microsoft Visual Studio Solution File, Format Version 12.00
# Visual Studio Version 17
VisualStudioVersion = 17.1.32414.318
MinimumVisualStudioVersion = 10.0.40219.1
Project("{FAE04EC0-301F-11D3-BF4B-00C04F79EFBC}") = "Alibaba(T)", "Alibaba(T)\Alibaba(T).csproj", "{754C456A-A4B6-4E64-B030-01AC5E6B720F}"
EndProject
Global
	GlobalSection(SolutionConfigurationPlatforms) = preSolution
		Debug|Any CPU = Debug|Any CPU
		Release|Any CPU = Release|Any CPU
	EndGlobalSection
	GlobalSection(ProjectConfigurationPlatforms) = postSolution
		{754C456A-A4B6-4E64-B030-01AC5E6B720F}.Debug|Any CPU.ActiveCfg = Debug|Any CPU
		{754C456A-A4B6-4E64-B030-01AC5E6B720F}.Debug|Any CPU.Build.0 = Debug|Any CPU
		{754C456A-A4B6-4E64-B030-01AC5E6B720F}.Release|Any CPU.ActiveCfg = Release|Any CPU
		{754C456A-A4B6-4E64-B030-01AC5E6B720F}.Release|Any CPU.Build.0 = Release|Any CPU
	EndGlobalSection
	GlobalSection(SolutionProperties) = preSolution
		HideSolutionNode = FALSE
	EndGlobalSection
	GlobalSection(ExtensibilityGlobals) = postSolution
		SolutionGuid = {AAB2724A-483E-4E39-A9DB-AA2D34D7DFA8}
	EndGlobalSection
EndGlobal
