
Microsoft Visual Studio Solution File, Format Version 12.00
# Visual Studio Version 17
VisualStudioVersion = 17.1.32414.318
MinimumVisualStudioVersion = 10.0.40219.1
Project("{FAE04EC0-301F-11D3-BF4B-00C04F79EFBC}") = "UseFast.com", "UseFast.com\UseFast.com.csproj", "{10847782-62BD-44E7-8384-044514BCADA1}"
EndProject
Global
	GlobalSection(SolutionConfigurationPlatforms) = preSolution
		Debug|Any CPU = Debug|Any CPU
		Release|Any CPU = Release|Any CPU
	EndGlobalSection
	GlobalSection(ProjectConfigurationPlatforms) = postSolution
		{10847782-62BD-44E7-8384-044514BCADA1}.Debug|Any CPU.ActiveCfg = Debug|Any CPU
		{10847782-62BD-44E7-8384-044514BCADA1}.Debug|Any CPU.Build.0 = Debug|Any CPU
		{10847782-62BD-44E7-8384-044514BCADA1}.Release|Any CPU.ActiveCfg = Release|Any CPU
		{10847782-62BD-44E7-8384-044514BCADA1}.Release|Any CPU.Build.0 = Release|Any CPU
	EndGlobalSection
	GlobalSection(SolutionProperties) = preSolution
		HideSolutionNode = FALSE
	EndGlobalSection
	GlobalSection(ExtensibilityGlobals) = postSolution
		SolutionGuid = {3110E905-BB8E-4CBD-8738-FB8A2B1D62B2}
	EndGlobalSection
EndGlobal
